// !$*UTF8*$!
{
	archiveVersion = 1;
	classes = {
	};
	objectVersion = 46;
	objects = {

/* Begin PBXBuildFile section */
		EF66226C1F094A5C00E960C4 /* AppDelegate.swift in Sources */ = {isa = PBXBuildFile; fileRef = EF66226B1F094A5C00E960C4 /* AppDelegate.swift */; };
		EF66226E1F094A5C00E960C4 /* ViewController.swift in Sources */ = {isa = PBXBuildFile; fileRef = EF66226D1F094A5C00E960C4 /* ViewController.swift */; };
		EF6622711F094A5C00E960C4 /* Main.storyboard in Resources */ = {isa = PBXBuildFile; fileRef = EF66226F1F094A5C00E960C4 /* Main.storyboard */; };
		EF6622731F094A5C00E960C4 /* Assets.xcassets in Resources */ = {isa = PBXBuildFile; fileRef = EF6622721F094A5C00E960C4 /* Assets.xcassets */; };
		EF6622761F094A5C00E960C4 /* LaunchScreen.storyboard in Resources */ = {isa = PBXBuildFile; fileRef = EF6622741F094A5C00E960C4 /* LaunchScreen.storyboard */; };
/* End PBXBuildFile section */

/* Begin PBXFileReference section */
		EF6622681F094A5C00E960C4 /* Alert View.app */ = {isa = PBXFileReference; explicitFileType = wrapper.application; includeInIndex = 0; path = "Alert View.app"; sourceTree = BUILT_PRODUCTS_DIR; };
		EF66226B1F094A5C00E960C4 /* AppDelegate.swift */ = {isa = PBXFileReference; lastKnownFileType = sourcecode.swift; path = AppDelegate.swift; sourceTree = "<group>"; };
		EF66226D1F094A5C00E960C4 /* ViewController.swift */ = {isa = PBXFileReference; lastKnownFileType = sourcecode.swift; path = ViewController.swift; sourceTree = "<group>"; };
		EF6622701F094A5C00E960C4 /* Base */ = {isa = PBXFileReference; lastKnownFileType = file.storyboard; name = Base; path = Base.lproj/Main.storyboard; sourceTree = "<group>"; };
		EF6622721F094A5C00E960C4 /* Assets.xcassets */ = {isa = PBXFileReference; lastKnownFileType = folder.assetcatalog; path = Assets.xcassets; sourceTree = "<group>"; };
		EF6622751F094A5C00E960C4 /* Base */ = {isa = PBXFileReference; lastKnownFileType = file.storyboard; name = Base; path = Base.lproj/LaunchScreen.storyboard; sourceTree = "<group>"; };
		EF6622771F094A5C00E960C4 /* Info.plist */ = {isa = PBXFileReference; lastKnownFileType = text.plist.xml; path = Info.plist; sourceTree = "<group>"; };
/* End PBXFileReference section */

/* Begin PBXFrameworksBuildPhase section */
		EF6622651F094A5C00E960C4 /* Frameworks */ = {
			isa = PBXFrameworksBuildPhase;
			buildActionMask = 2147483647;
			files = (
			);
			runOnlyForDeploymentPostprocessing = 0;
		};
/* End PBXFrameworksBuildPhase section */

/* Begin PBXGroup section */
		EF66225F1F094A5C00E960C4 = {
			isa = PBXGroup;
			children = (
				EF66226A1F094A5C00E960C4 /* Alert View */,
				EF6622691F094A5C00E960C4 /* Products */,
			);
			sourceTree = "<group>";
		};
		EF6622691F094A5C00E960C4 /* Products */ = {
			isa = PBXGroup;
			children = (
				EF6622681F094A5C00E960C4 /* Alert View.app */,
			);
			name = Products;
			sourceTree = "<group>";
		};
		EF66226A1F094A5C00E960C4 /* Alert View */ = {
			isa = PBXGroup;
			children = (
				EF66226B1F094A5C00E960C4 /* AppDelegate.swift */,
				EF66226D1F094A5C00E960C4 /* ViewController.swift */,
				EF66226F1F094A5C00E960C4 /* Main.storyboard */,
				EF6622721F094A5C00E960C4 /* Assets.xcassets */,
				EF6622741F094A5C00E960C4 /* LaunchScreen.storyboard */,
				EF6622771F094A5C00E960C4 /* Info.plist */,
			);
			path = "Alert View";
			sourceTree = "<group>";
		};
/* End PBXGroup section */

/* Begin PBXNativeTarget section */
		EF6622671F094A5C00E960C4 /* Alert View */ = {
			isa = PBXNativeTarget;
			buildConfigurationList = EF66227A1F094A5C00E960C4 /* Build configuration list for PBXNativeTarget "Alert View" */;
			buildPhases = (
				EF6622641F094A5C00E960C4 /* Sources */,
				EF6622651F094A5C00E960C4 /* Frameworks */,
				EF6622661F094A5C00E960C4 /* Resources */,
			);
			buildRules = (
			);
			dependencies = (
			);
			name = "Alert View";
			productName = "Alert View";
			productReference = EF6622681F094A5C00E960C4 /* Alert View.app */;
			productType = "com.apple.product-type.application";
		};
/* End PBXNativeTarget section */

/* Begin PBXProject section */
		EF6622601F094A5C00E960C4 /* Project object */ = {
			isa = PBXProject;
			attributes = {
				LastSwiftUpdateCheck = 0820;
				LastUpgradeCheck = 0820;
				ORGANIZATIONNAME = MacTechin;
				TargetAttributes = {
					EF6622671F094A5C00E960C4 = {
						CreatedOnToolsVersion = 8.2.1;
						DevelopmentTeam = L5Y8H9PGP8;
						ProvisioningStyle = Automatic;
					};
				};
			};
			buildConfigurationList = EF6622631F094A5C00E960C4 /* Build configuration list for PBXProject "Alert View" */;
			compatibilityVersion = "Xcode 3.2";
			developmentRegion = English;
			hasScannedForEncodings = 0;
			knownRegions = (
				en,
				Base,
			);
			mainGroup = EF66225F1F094A5C00E960C4;
			productRefGroup = EF6622691F094A5C00E960C4 /* Products */;
			projectDirPath = "";
			projectRoot = "";
			targets = (
				EF6622671F094A5C00E960C4 /* Alert View */,
			);
		};
/* End PBXProject section */

/* Begin PBXResourcesBuildPhase section */
		EF6622661F094A5C00E960C4 /* Resources */ = {
			isa = PBXResourcesBuildPhase;
			buildActionMask = 2147483647;
			files = (
				EF6622761F094A5C00E960C4 /* LaunchScreen.storyboard in Resources */,
				EF6622731F094A5C00E960C4 /* Assets.xcassets in Resources */,
				EF6622711F094A5C00E960C4 /* Main.storyboard in Resources */,
			);
			runOnlyForDeploymentPostprocessing = 0;
		};
/* End PBXResourcesBuildPhase section */

/* Begin PBXSourcesBuildPhase section */
		EF6622641F094A5C00E960C4 /* Sources */ = {
			isa = PBXSourcesBuildPhase;
			buildActionMask = 2147483647;
			files = (
				EF66226E1F094A5C00E960C4 /* ViewController.swift in Sources */,
				EF66226C1F094A5C00E960C4 /* AppDelegate.swift in Sources */,
			);
			runOnlyForDeploymentPostprocessing = 0;
		};
/* End PBXSourcesBuildPhase section */

/* Begin PBXVariantGroup section */
		EF66226F1F094A5C00E960C4 /* Main.storyboard */ = {
			isa = PBXVariantGroup;
			children = (
				EF6622701F094A5C00E960C4 /* Base */,
			);
			name = Main.storyboard;
			sourceTree = "<group>";
		};
		EF6622741F094A5C00E960C4 /* LaunchScreen.storyboard */ = {
			isa = PBXVariantGroup;
			children = (
				EF6622751F094A5C00E960C4 /* Base */,
			);
			name = LaunchScreen.storyboard;
			sourceTree = "<group>";
		};
/* End PBXVariantGroup section */

/* Begin XCBuildConfiguration section */
		EF6622781F094A5C00E960C4 /* Debug */ = {
			isa = XCBuildConfiguration;
			buildSettings = {
				ALWAYS_SEARCH_USER_PATHS = NO;
				CLANG_ANALYZER_NONNULL = YES;
				CLANG_CXX_LANGUAGE_STANDARD = "gnu++0x";
				CLANG_CXX_LIBRARY = "libc++";
				CLANG_ENABLE_MODULES = YES;
				CLANG_ENABLE_OBJC_ARC = YES;
				CLANG_WARN_BOOL_CONVERSION = YES;
				CLANG_WARN_CONSTANT_CONVERSION = YES;
				CLANG_WARN_DIRECT_OBJC_ISA_USAGE = YES_ERROR;
				CLANG_WARN_DOCUMENTATION_COMMENTS = YES;
				CLANG_WARN_EMPTY_BODY = YES;
				CLANG_WARN_ENUM_CONVERSION = YES;
				CLANG_WARN_INFINITE_RECURSION = YES;
				CLANG_WARN_INT_CONVERSION = YES;
				CLANG_WARN_OBJC_ROOT_CLASS = YES_ERROR;
				CLANG_WARN_SUSPICIOUS_MOVE = YES;
				CLANG_WARN_UNREACHABLE_CODE = YES;
				CLANG_WARN__DUPLICATE_METHOD_MATCH = YES;
				"CODE_SIGN_IDENTITY[sdk=iphoneos*]" = "iPhone Developer";
				COPY_PHASE_STRIP = NO;
				DEBUG_INFORMATION_FORMAT = dwarf;
				ENABLE_STRICT_OBJC_MSGSEND = YES;
				ENABLE_TESTABILITY = YES;
				GCC_C_LANGUAGE_STANDARD = gnu99;
				GCC_DYNAMIC_NO_PIC = NO;
				GCC_NO_COMMON_BLOCKS = YES;
				GCC_OPTIMIZATION_LEVEL = 0;
				GCC_PREPROCESSOR_DEFINITIONS = (
					"DEBUG=1",
					"$(inherited)",
				);
				GCC_WARN_64_TO_32_BIT_CONVERSION = YES;
				GCC_WARN_ABOUT_RETURN_TYPE = YES_ERROR;
				GCC_WARN_UNDECLARED_SELECTOR = YES;
				GCC_WARN_UNINITIALIZED_AUTOS = YES_AGGRESSIVE;
				GCC_WARN_UNUSED_FUNCTION = YES;
				GCC_WARN_UNUSED_VARIABLE = YES;
				IPHONEOS_DEPLOYMENT_TARGET = 10.2;
				MTL_ENABLE_DEBUG_INFO = YES;
				ONLY_ACTIVE_ARCH = YES;
				SDKROOT = iphoneos;
				SWIFT_ACTIVE_COMPILATION_CONDITIONS = DEBUG;
				SWIFT_OPTIMIZATION_LEVEL = "-Onone";
				TARGETED_DEVICE_FAMILY = "1,2";
			};
			name = Debug;
		};
		EF6622791F094A5C00E960C4 /* Release */ = {
			isa = XCBuildConfiguration;
			buildSettings = {
				ALWAYS_SEARCH_USER_PATHS = NO;
				CLANG_ANALYZER_NONNULL = YES;
				CLANG_CXX_LANGUAGE_STANDARD = "gnu++0x";
				CLANG_CXX_LIBRARY = "libc++";
				CLANG_ENABLE_MODULES = YES;
				CLANG_ENABLE_OBJC_ARC = YES;
				CLANG_WARN_BOOL_CONVERSION = YES;
				CLANG_WARN_CONSTANT_CONVERSION = YES;
				CLANG_WARN_DIRECT_OBJC_ISA_USAGE = YES_ERROR;
				CLANG_WARN_DOCUMENTATION_COMMENTS = YES;
				CLANG_WARN_EMPTY_BODY = YES;
				CLANG_WARN_ENUM_CONVERSION = YES;
				CLANG_WARN_INFINITE_RECURSION = YES;
				CLANG_WARN_INT_CONVERSION = YES;
				CLANG_WARN_OBJC_ROOT_CLASS = YES_ERROR;
				CLANG_WARN_SUSPICIOUS_MOVE = YES;
				CLANG_WARN_UNREACHABLE_CODE = YES;
				CLANG_WARN__DUPLICATE_METHOD_MATCH = YES;
				"CODE_SIGN_IDENTITY[sdk=iphoneos*]" = "iPhone Developer";
				COPY_PHASE_STRIP = NO;
				DEBUG_INFORMATION_FORMAT = "dwarf-with-dsym";
				ENABLE_NS_ASSERTIONS = NO;
				ENABLE_STRICT_OBJC_MSGSEND = YES;
				GCC_C_LANGUAGE_STANDARD = gnu99;
				GCC_NO_COMMON_BLOCKS = YES;
				GCC_WARN_64_TO_32_BIT_CONVERSION = YES;
				GCC_WARN_ABOUT_RETURN_TYPE = YES_ERROR;
				GCC_WARN_UNDECLARED_SELECTOR = YES;
				GCC_WARN_UNINITIALIZED_AUTOS = YES_AGGRESSIVE;
				GCC_WARN_UNUSED_FUNCTION = YES;
				GCC_WARN_UNUSED_VARIABLE = YES;
				IPHONEOS_DEPLOYMENT_TARGET = 10.2;
				MTL_ENABLE_DEBUG_INFO = NO;
				SDKROOT = iphoneos;
				SWIFT_OPTIMIZATION_LEVEL = "-Owholemodule";
				TARGETED_DEVICE_FAMILY = "1,2";
				VALIDATE_PRODUCT = YES;
			};
			name = Release;
		};
		EF66227B1F094A5C00E960C4 /* Debug */ = {
			isa = XCBuildConfiguration;
			buildSettings = {
				ASSETCATALOG_COMPILER_APPICON_NAME = AppIcon;
				DEVELOPMENT_TEAM = L5Y8H9PGP8;
				INFOPLIST_FILE = "Alert View/Info.plist";
				LD_RUNPATH_SEARCH_PATHS = "$(inherited) @executable_path/Frameworks";
				PRODUCT_BUNDLE_IDENTIFIER = "com.MacTechin.Alert-View";
				PRODUCT_NAME = "$(TARGET_NAME)";
				SWIFT_VERSION = 3.0;
			};
			name = Debug;
		};
		EF66227C1F094A5C00E960C4 /* Release */ = {
			isa = XCBuildConfiguration;
			buildSettings = {
				ASSETCATALOG_COMPILER_APPICON_NAME = AppIcon;
				DEVELOPMENT_TEAM = L5Y8H9PGP8;
				INFOPLIST_FILE = "Alert View/Info.plist";
				LD_RUNPATH_SEARCH_PATHS = "$(inherited) @executable_path/Frameworks";
				PRODUCT_BUNDLE_IDENTIFIER = "com.MacTechin.Alert-View";
				PRODUCT_NAME = "$(TARGET_NAME)";
				SWIFT_VERSION = 3.0;
			};
			name = Release;
		};
/* End XCBuildConfiguration section */

/* Begin XCConfigurationList section */
		EF6622631F094A5C00E960C4 /* Build configuration list for PBXProject "Alert View" */ = {
			isa = XCConfigurationList;
			buildConfigurations = (
				EF6622781F094A5C00E960C4 /* Debug */,
				EF6622791F094A5C00E960C4 /* Release */,
			);
			defaultConfigurationIsVisible = 0;
			defaultConfigurationName = Release;
		};
		EF66227A1F094A5C00E960C4 /* Build configuration list for PBXNativeTarget "Alert View" */ = {
			isa = XCConfigurationList;
			buildConfigurations = (
				EF66227B1F094A5C00E960C4 /* Debug */,
				EF66227C1F094A5C00E960C4 /* Release */,
			);
			defaultConfigurationIsVisible = 0;
		};
/* End XCConfigurationList section */
	};
	rootObject = EF6622601F094A5C00E960C4 /* Project object */;
}
